
Microsoft Visual Studio Solution File, Format Version 12.00
# Visual Studio 15
VisualStudioVersion = 15.0.28010.2048
MinimumVisualStudioVersion = 10.0.40219.1
Project("{FAE04EC0-301F-11D3-BF4B-00C04F79EFBC}") = "GameLife", "GameLife\GameLife.csproj", "{2913A4A2-E89E-4E87-91B3-468C3770660A}"
EndProject
Project("{FAE04EC0-301F-11D3-BF4B-00C04F79EFBC}") = "LifeLibrary", "LifeLibrary\LifeLibrary.csproj", "{C9636ED9-03A2-4D60-AC21-43CD37077155}"
EndProject
Global
	GlobalSection(SolutionConfigurationPlatforms) = preSolution
		Debug|Any CPU = Debug|Any CPU
		Release|Any CPU = Release|Any CPU
	EndGlobalSection
	GlobalSection(ProjectConfigurationPlatforms) = postSolution
		{2913A4A2-E89E-4E87-91B3-468C3770660A}.Debug|Any CPU.ActiveCfg = Debug|Any CPU
		{2913A4A2-E89E-4E87-91B3-468C3770660A}.Debug|Any CPU.Build.0 = Debug|Any CPU
		{2913A4A2-E89E-4E87-91B3-468C3770660A}.Release|Any CPU.ActiveCfg = Release|Any CPU
		{2913A4A2-E89E-4E87-91B3-468C3770660A}.Release|Any CPU.Build.0 = Release|Any CPU
		{C9636ED9-03A2-4D60-AC21-43CD37077155}.Debug|Any CPU.ActiveCfg = Debug|Any CPU
		{C9636ED9-03A2-4D60-AC21-43CD37077155}.Debug|Any CPU.Build.0 = Debug|Any CPU
		{C9636ED9-03A2-4D60-AC21-43CD37077155}.Release|Any CPU.ActiveCfg = Release|Any CPU
		{C9636ED9-03A2-4D60-AC21-43CD37077155}.Release|Any CPU.Build.0 = Release|Any CPU
	EndGlobalSection
	GlobalSection(SolutionProperties) = preSolution
		HideSolutionNode = FALSE
	EndGlobalSection
	GlobalSection(ExtensibilityGlobals) = postSolution
		SolutionGuid = {F73FE308-1AAF-4E8D-B225-CD9C9C7D2E63}
	EndGlobalSection
EndGlobal
